// !$*UTF8*$!
{
	archiveVersion = 1;
	classes = {
	};
	objectVersion = 50;
	objects = {

/* Begin PBXBuildFile section */
		2B28DB1F226AA6B8006ACA61 /* AppDelegate.swift in Sources */ = {isa = PBXBuildFile; fileRef = 2B28DB1E226AA6B8006ACA61 /* AppDelegate.swift */; };
		2B28DB21226AA6B8006ACA61 /* MapViewController.swift in Sources */ = {isa = PBXBuildFile; fileRef = 2B28DB20226AA6B8006ACA61 /* MapViewController.swift */; };
		2B28DB24226AA6B8006ACA61 /* Main.storyboard in Resources */ = {isa = PBXBuildFile; fileRef = 2B28DB22226AA6B8006ACA61 /* Main.storyboard */; };
		2B28DB26226AA6BA006ACA61 /* Assets.xcassets in Resources */ = {isa = PBXBuildFile; fileRef = 2B28DB25226AA6BA006ACA61 /* Assets.xcassets */; };
		2B28DB29226AA6BA006ACA61 /* LaunchScreen.storyboard in Resources */ = {isa = PBXBuildFile; fileRef = 2B28DB27226AA6BA006ACA61 /* LaunchScreen.storyboard */; };
		2B28DB34226AA6BA006ACA61 /* LocationCacheTests.swift in Sources */ = {isa = PBXBuildFile; fileRef = 2B28DB33226AA6BA006ACA61 /* LocationCacheTests.swift */; };
		2B28DB43226BCCB3006ACA61 /* SearchListView.swift in Sources */ = {isa = PBXBuildFile; fileRef = 2B28DB42226BCCB3006ACA61 /* SearchListView.swift */; };
		2B28DB45226BCCC1006ACA61 /* SearchListView.xib in Resources */ = {isa = PBXBuildFile; fileRef = 2B28DB44226BCCC1006ACA61 /* SearchListView.xib */; };
		2B28DB47226CC31D006ACA61 /* PrefixNode.swift in Sources */ = {isa = PBXBuildFile; fileRef = 2B28DB46226CC31D006ACA61 /* PrefixNode.swift */; };
		2B28DB49226D4F52006ACA61 /* SlidingOverlayView.swift in Sources */ = {isa = PBXBuildFile; fileRef = 2B28DB48226D4F52006ACA61 /* SlidingOverlayView.swift */; };
		2B28DB4B226EA78D006ACA61 /* LocationCache.swift in Sources */ = {isa = PBXBuildFile; fileRef = 2B28DB4A226EA78D006ACA61 /* LocationCache.swift */; };
		2B28DB4D226EA883006ACA61 /* LocationDataModel.swift in Sources */ = {isa = PBXBuildFile; fileRef = 2B28DB4C226EA883006ACA61 /* LocationDataModel.swift */; };
		2B28DB50226EAB79006ACA61 /* CoordinateDataModel.swift in Sources */ = {isa = PBXBuildFile; fileRef = 2B28DB4F226EAB79006ACA61 /* CoordinateDataModel.swift */; };
		2B28DB55226EB3C6006ACA61 /* PrefixNode.swift in Sources */ = {isa = PBXBuildFile; fileRef = 2B28DB46226CC31D006ACA61 /* PrefixNode.swift */; };
		2B28DB56226EB47A006ACA61 /* LocationDataModel.swift in Sources */ = {isa = PBXBuildFile; fileRef = 2B28DB4C226EA883006ACA61 /* LocationDataModel.swift */; };
		2B28DB57226EBDDC006ACA61 /* CoordinateDataModel.swift in Sources */ = {isa = PBXBuildFile; fileRef = 2B28DB4F226EAB79006ACA61 /* CoordinateDataModel.swift */; };
		2B28DB58226EBEFB006ACA61 /* LocationCache.swift in Sources */ = {isa = PBXBuildFile; fileRef = 2B28DB4A226EA78D006ACA61 /* LocationCache.swift */; };
		2B28DB5A226FD2A2006ACA61 /* LocationDataTasker.swift in Sources */ = {isa = PBXBuildFile; fileRef = 2B28DB59226FD2A2006ACA61 /* LocationDataTasker.swift */; };
		2B28DB5B226FD2A2006ACA61 /* LocationDataTasker.swift in Sources */ = {isa = PBXBuildFile; fileRef = 2B28DB59226FD2A2006ACA61 /* LocationDataTasker.swift */; };
		2B28DB5F226FE990006ACA61 /* LaunchViewController.swift in Sources */ = {isa = PBXBuildFile; fileRef = 2B28DB5E226FE990006ACA61 /* LaunchViewController.swift */; };
		2B28DB61226FEA07006ACA61 /* LocationCoordinator.swift in Sources */ = {isa = PBXBuildFile; fileRef = 2B28DB60226FEA07006ACA61 /* LocationCoordinator.swift */; };
		2B28DB65226FEEA7006ACA61 /* Storyboard.swift in Sources */ = {isa = PBXBuildFile; fileRef = 2B28DB64226FEEA7006ACA61 /* Storyboard.swift */; };
		2B28DB67226FF81C006ACA61 /* locations.json in Resources */ = {isa = PBXBuildFile; fileRef = 2B28DB66226FF81C006ACA61 /* locations.json */; };
/* End PBXBuildFile section */

/* Begin PBXContainerItemProxy section */
		2B28DB30226AA6BA006ACA61 /* PBXContainerItemProxy */ = {
			isa = PBXContainerItemProxy;
			containerPortal = 2B28DB13226AA6B8006ACA61 /* Project object */;
			proxyType = 1;
			remoteGlobalIDString = 2B28DB1A226AA6B8006ACA61;
			remoteInfo = MapListView;
		};
/* End PBXContainerItemProxy section */

/* Begin PBXFileReference section */
		2B28DB1B226AA6B8006ACA61 /* MapListView.app */ = {isa = PBXFileReference; explicitFileType = wrapper.application; includeInIndex = 0; path = MapListView.app; sourceTree = BUILT_PRODUCTS_DIR; };
		2B28DB1E226AA6B8006ACA61 /* AppDelegate.swift */ = {isa = PBXFileReference; lastKnownFileType = sourcecode.swift; path = AppDelegate.swift; sourceTree = "<group>"; };
		2B28DB20226AA6B8006ACA61 /* MapViewController.swift */ = {isa = PBXFileReference; lastKnownFileType = sourcecode.swift; path = MapViewController.swift; sourceTree = "<group>"; };
		2B28DB23226AA6B8006ACA61 /* Base */ = {isa = PBXFileReference; lastKnownFileType = file.storyboard; name = Base; path = Base.lproj/Main.storyboard; sourceTree = "<group>"; };
		2B28DB25226AA6BA006ACA61 /* Assets.xcassets */ = {isa = PBXFileReference; lastKnownFileType = folder.assetcatalog; path = Assets.xcassets; sourceTree = "<group>"; };
		2B28DB28226AA6BA006ACA61 /* Base */ = {isa = PBXFileReference; lastKnownFileType = file.storyboard; name = Base; path = Base.lproj/LaunchScreen.storyboard; sourceTree = "<group>"; };
		2B28DB2A226AA6BA006ACA61 /* Info.plist */ = {isa = PBXFileReference; lastKnownFileType = text.plist.xml; path = Info.plist; sourceTree = "<group>"; };
		2B28DB2F226AA6BA006ACA61 /* MapListViewTests.xctest */ = {isa = PBXFileReference; explicitFileType = wrapper.cfbundle; includeInIndex = 0; path = MapListViewTests.xctest; sourceTree = BUILT_PRODUCTS_DIR; };
		2B28DB33226AA6BA006ACA61 /* LocationCacheTests.swift */ = {isa = PBXFileReference; lastKnownFileType = sourcecode.swift; path = LocationCacheTests.swift; sourceTree = "<group>"; };
		2B28DB35226AA6BA006ACA61 /* Info.plist */ = {isa = PBXFileReference; lastKnownFileType = text.plist.xml; path = Info.plist; sourceTree = "<group>"; };
		2B28DB42226BCCB3006ACA61 /* SearchListView.swift */ = {isa = PBXFileReference; lastKnownFileType = sourcecode.swift; path = SearchListView.swift; sourceTree = "<group>"; };
		2B28DB44226BCCC1006ACA61 /* SearchListView.xib */ = {isa = PBXFileReference; lastKnownFileType = file.xib; path = SearchListView.xib; sourceTree = "<group>"; };
		2B28DB46226CC31D006ACA61 /* PrefixNode.swift */ = {isa = PBXFileReference; lastKnownFileType = sourcecode.swift; path = PrefixNode.swift; sourceTree = "<group>"; };
		2B28DB48226D4F52006ACA61 /* SlidingOverlayView.swift */ = {isa = PBXFileReference; lastKnownFileType = sourcecode.swift; path = SlidingOverlayView.swift; sourceTree = "<group>"; };
		2B28DB4A226EA78D006ACA61 /* LocationCache.swift */ = {isa = PBXFileReference; lastKnownFileType = sourcecode.swift; path = LocationCache.swift; sourceTree = "<group>"; };
		2B28DB4C226EA883006ACA61 /* LocationDataModel.swift */ = {isa = PBXFileReference; lastKnownFileType = sourcecode.swift; path = LocationDataModel.swift; sourceTree = "<group>"; };
		2B28DB4F226EAB79006ACA61 /* CoordinateDataModel.swift */ = {isa = PBXFileReference; lastKnownFileType = sourcecode.swift; path = CoordinateDataModel.swift; sourceTree = "<group>"; };
		2B28DB59226FD2A2006ACA61 /* LocationDataTasker.swift */ = {isa = PBXFileReference; lastKnownFileType = sourcecode.swift; path = LocationDataTasker.swift; sourceTree = "<group>"; };
		2B28DB5E226FE990006ACA61 /* LaunchViewController.swift */ = {isa = PBXFileReference; lastKnownFileType = sourcecode.swift; path = LaunchViewController.swift; sourceTree = "<group>"; };
		2B28DB60226FEA07006ACA61 /* LocationCoordinator.swift */ = {isa = PBXFileReference; lastKnownFileType = sourcecode.swift; path = LocationCoordinator.swift; sourceTree = "<group>"; };
		2B28DB64226FEEA7006ACA61 /* Storyboard.swift */ = {isa = PBXFileReference; lastKnownFileType = sourcecode.swift; path = Storyboard.swift; sourceTree = "<group>"; };
		2B28DB66226FF81C006ACA61 /* locations.json */ = {isa = PBXFileReference; lastKnownFileType = text.json; path = locations.json; sourceTree = "<group>"; };
/* End PBXFileReference section */

/* Begin PBXFrameworksBuildPhase section */
		2B28DB18226AA6B8006ACA61 /* Frameworks */ = {
			isa = PBXFrameworksBuildPhase;
			buildActionMask = 2147483647;
			files = (
			);
			runOnlyForDeploymentPostprocessing = 0;
		};
		2B28DB2C226AA6BA006ACA61 /* Frameworks */ = {
			isa = PBXFrameworksBuildPhase;
			buildActionMask = 2147483647;
			files = (
			);
			runOnlyForDeploymentPostprocessing = 0;
		};
/* End PBXFrameworksBuildPhase section */

/* Begin PBXGroup section */
		2B28DB12226AA6B8006ACA61 = {
			isa = PBXGroup;
			children = (
				2B28DB1D226AA6B8006ACA61 /* MapListView */,
				2B28DB32226AA6BA006ACA61 /* Unit Tests */,
				2B28DB1C226AA6B8006ACA61 /* Products */,
			);
			sourceTree = "<group>";
		};
		2B28DB1C226AA6B8006ACA61 /* Products */ = {
			isa = PBXGroup;
			children = (
				2B28DB1B226AA6B8006ACA61 /* MapListView.app */,
				2B28DB2F226AA6BA006ACA61 /* MapListViewTests.xctest */,
			);
			name = Products;
			sourceTree = "<group>";
		};
		2B28DB1D226AA6B8006ACA61 /* MapListView */ = {
			isa = PBXGroup;
			children = (
				2B28DB53226EABC3006ACA61 /* App */,
				2B28DB52226EABB8006ACA61 /* Control */,
				2B28DB4E226EAB67006ACA61 /* Model */,
				2B28DB51226EAB92006ACA61 /* View */,
			);
			path = MapListView;
			sourceTree = "<group>";
		};
		2B28DB32226AA6BA006ACA61 /* Unit Tests */ = {
			isa = PBXGroup;
			children = (
				2B28DB35226AA6BA006ACA61 /* Info.plist */,
				2B28DB33226AA6BA006ACA61 /* LocationCacheTests.swift */,
			);
			path = "Unit Tests";
			sourceTree = "<group>";
		};
		2B28DB4E226EAB67006ACA61 /* Model */ = {
			isa = PBXGroup;
			children = (
				2B28DB4F226EAB79006ACA61 /* CoordinateDataModel.swift */,
				2B28DB4C226EA883006ACA61 /* LocationDataModel.swift */,
				2B28DB46226CC31D006ACA61 /* PrefixNode.swift */,
			);
			path = Model;
			sourceTree = "<group>";
		};
		2B28DB51226EAB92006ACA61 /* View */ = {
			isa = PBXGroup;
			children = (
				2B28DB5D226FE933006ACA61 /* Custom View */,
				2B28DB54226EABEE006ACA61 /* Storyboard */,
				2B28DB5C226FE92A006ACA61 /* View Controller */,
			);
			path = View;
			sourceTree = "<group>";
		};
		2B28DB52226EABB8006ACA61 /* Control */ = {
			isa = PBXGroup;
			children = (
				2B28DB4A226EA78D006ACA61 /* LocationCache.swift */,
				2B28DB60226FEA07006ACA61 /* LocationCoordinator.swift */,
				2B28DB59226FD2A2006ACA61 /* LocationDataTasker.swift */,
			);
			path = Control;
			sourceTree = "<group>";
		};
		2B28DB53226EABC3006ACA61 /* App */ = {
			isa = PBXGroup;
			children = (
				2B28DB1E226AA6B8006ACA61 /* AppDelegate.swift */,
				2B28DB25226AA6BA006ACA61 /* Assets.xcassets */,
				2B28DB2A226AA6BA006ACA61 /* Info.plist */,
				2B28DB66226FF81C006ACA61 /* locations.json */,
			);
			path = App;
			sourceTree = "<group>";
		};
		2B28DB54226EABEE006ACA61 /* Storyboard */ = {
			isa = PBXGroup;
			children = (
				2B28DB27226AA6BA006ACA61 /* LaunchScreen.storyboard */,
				2B28DB22226AA6B8006ACA61 /* Main.storyboard */,
				2B28DB64226FEEA7006ACA61 /* Storyboard.swift */,
			);
			path = Storyboard;
			sourceTree = "<group>";
		};
		2B28DB5C226FE92A006ACA61 /* View Controller */ = {
			isa = PBXGroup;
			children = (
				2B28DB5E226FE990006ACA61 /* LaunchViewController.swift */,
				2B28DB20226AA6B8006ACA61 /* MapViewController.swift */,
			);
			path = "View Controller";
			sourceTree = "<group>";
		};
		2B28DB5D226FE933006ACA61 /* Custom View */ = {
			isa = PBXGroup;
			children = (
				2B28DB42226BCCB3006ACA61 /* SearchListView.swift */,
				2B28DB44226BCCC1006ACA61 /* SearchListView.xib */,
				2B28DB48226D4F52006ACA61 /* SlidingOverlayView.swift */,
			);
			path = "Custom View";
			sourceTree = "<group>";
		};
/* End PBXGroup section */

/* Begin PBXNativeTarget section */
		2B28DB1A226AA6B8006ACA61 /* MapListView */ = {
			isa = PBXNativeTarget;
			buildConfigurationList = 2B28DB38226AA6BA006ACA61 /* Build configuration list for PBXNativeTarget "MapListView" */;
			buildPhases = (
				2B28DB17226AA6B8006ACA61 /* Sources */,
				2B28DB18226AA6B8006ACA61 /* Frameworks */,
				2B28DB19226AA6B8006ACA61 /* Resources */,
			);
			buildRules = (
			);
			dependencies = (
			);
			name = MapListView;
			productName = MapListView;
			productReference = 2B28DB1B226AA6B8006ACA61 /* MapListView.app */;
			productType = "com.apple.product-type.application";
		};
		2B28DB2E226AA6BA006ACA61 /* MapListViewTests */ = {
			isa = PBXNativeTarget;
			buildConfigurationList = 2B28DB3B226AA6BA006ACA61 /* Build configuration list for PBXNativeTarget "MapListViewTests" */;
			buildPhases = (
				2B28DB2B226AA6BA006ACA61 /* Sources */,
				2B28DB2C226AA6BA006ACA61 /* Frameworks */,
				2B28DB2D226AA6BA006ACA61 /* Resources */,
			);
			buildRules = (
			);
			dependencies = (
				2B28DB31226AA6BA006ACA61 /* PBXTargetDependency */,
			);
			name = MapListViewTests;
			productName = MapListViewTests;
			productReference = 2B28DB2F226AA6BA006ACA61 /* MapListViewTests.xctest */;
			productType = "com.apple.product-type.bundle.unit-test";
		};
/* End PBXNativeTarget section */

/* Begin PBXProject section */
		2B28DB13226AA6B8006ACA61 /* Project object */ = {
			isa = PBXProject;
			attributes = {
				LastSwiftUpdateCheck = 1020;
				LastUpgradeCheck = 1020;
				ORGANIZATIONNAME = Wesley;
				TargetAttributes = {
					2B28DB1A226AA6B8006ACA61 = {
						CreatedOnToolsVersion = 10.2;
					};
					2B28DB2E226AA6BA006ACA61 = {
						CreatedOnToolsVersion = 10.2;
						TestTargetID = 2B28DB1A226AA6B8006ACA61;
					};
				};
			};
			buildConfigurationList = 2B28DB16226AA6B8006ACA61 /* Build configuration list for PBXProject "MapListView" */;
			compatibilityVersion = "Xcode 9.3";
			developmentRegion = en;
			hasScannedForEncodings = 0;
			knownRegions = (
				en,
				Base,
			);
			mainGroup = 2B28DB12226AA6B8006ACA61;
			productRefGroup = 2B28DB1C226AA6B8006ACA61 /* Products */;
			projectDirPath = "";
			projectRoot = "";
			targets = (
				2B28DB1A226AA6B8006ACA61 /* MapListView */,
				2B28DB2E226AA6BA006ACA61 /* MapListViewTests */,
			);
		};
/* End PBXProject section */

/* Begin PBXResourcesBuildPhase section */
		2B28DB19226AA6B8006ACA61 /* Resources */ = {
			isa = PBXResourcesBuildPhase;
			buildActionMask = 2147483647;
			files = (
				2B28DB45226BCCC1006ACA61 /* SearchListView.xib in Resources */,
				2B28DB29226AA6BA006ACA61 /* LaunchScreen.storyboard in Resources */,
				2B28DB67226FF81C006ACA61 /* locations.json in Resources */,
				2B28DB26226AA6BA006ACA61 /* Assets.xcassets in Resources */,
				2B28DB24226AA6B8006ACA61 /* Main.storyboard in Resources */,
			);
			runOnlyForDeploymentPostprocessing = 0;
		};
		2B28DB2D226AA6BA006ACA61 /* Resources */ = {
			isa = PBXResourcesBuildPhase;
			buildActionMask = 2147483647;
			files = (
			);
			runOnlyForDeploymentPostprocessing = 0;
		};
/* End PBXResourcesBuildPhase section */

/* Begin PBXSourcesBuildPhase section */
		2B28DB17226AA6B8006ACA61 /* Sources */ = {
			isa = PBXSourcesBuildPhase;
			buildActionMask = 2147483647;
			files = (
				2B28DB43226BCCB3006ACA61 /* SearchListView.swift in Sources */,
				2B28DB5F226FE990006ACA61 /* LaunchViewController.swift in Sources */,
				2B28DB21226AA6B8006ACA61 /* MapViewController.swift in Sources */,
				2B28DB49226D4F52006ACA61 /* SlidingOverlayView.swift in Sources */,
				2B28DB65226FEEA7006ACA61 /* Storyboard.swift in Sources */,
				2B28DB4D226EA883006ACA61 /* LocationDataModel.swift in Sources */,
				2B28DB4B226EA78D006ACA61 /* LocationCache.swift in Sources */,
				2B28DB5A226FD2A2006ACA61 /* LocationDataTasker.swift in Sources */,
				2B28DB1F226AA6B8006ACA61 /* AppDelegate.swift in Sources */,
				2B28DB47226CC31D006ACA61 /* PrefixNode.swift in Sources */,
				2B28DB50226EAB79006ACA61 /* CoordinateDataModel.swift in Sources */,
				2B28DB61226FEA07006ACA61 /* LocationCoordinator.swift in Sources */,
			);
			runOnlyForDeploymentPostprocessing = 0;
		};
		2B28DB2B226AA6BA006ACA61 /* Sources */ = {
			isa = PBXSourcesBuildPhase;
			buildActionMask = 2147483647;
			files = (
				2B28DB58226EBEFB006ACA61 /* LocationCache.swift in Sources */,
				2B28DB56226EB47A006ACA61 /* LocationDataModel.swift in Sources */,
				2B28DB5B226FD2A2006ACA61 /* LocationDataTasker.swift in Sources */,
				2B28DB34226AA6BA006ACA61 /* LocationCacheTests.swift in Sources */,
				2B28DB55226EB3C6006ACA61 /* PrefixNode.swift in Sources */,
				2B28DB57226EBDDC006ACA61 /* CoordinateDataModel.swift in Sources */,
			);
			runOnlyForDeploymentPostprocessing = 0;
		};
/* End PBXSourcesBuildPhase section */

/* Begin PBXTargetDependency section */
		2B28DB31226AA6BA006ACA61 /* PBXTargetDependency */ = {
			isa = PBXTargetDependency;
			target = 2B28DB1A226AA6B8006ACA61 /* MapListView */;
			targetProxy = 2B28DB30226AA6BA006ACA61 /* PBXContainerItemProxy */;
		};
/* End PBXTargetDependency section */

/* Begin PBXVariantGroup section */
		2B28DB22226AA6B8006ACA61 /* Main.storyboard */ = {
			isa = PBXVariantGroup;
			children = (
				2B28DB23226AA6B8006ACA61 /* Base */,
			);
			name = Main.storyboard;
			sourceTree = "<group>";
		};
		2B28DB27226AA6BA006ACA61 /* LaunchScreen.storyboard */ = {
			isa = PBXVariantGroup;
			children = (
				2B28DB28226AA6BA006ACA61 /* Base */,
			);
			name = LaunchScreen.storyboard;
			sourceTree = "<group>";
		};
/* End PBXVariantGroup section */

/* Begin XCBuildConfiguration section */
		2B28DB36226AA6BA006ACA61 /* Debug */ = {
			isa = XCBuildConfiguration;
			buildSettings = {
				ALWAYS_SEARCH_USER_PATHS = NO;
				CLANG_ANALYZER_NONNULL = YES;
				CLANG_ANALYZER_NUMBER_OBJECT_CONVERSION = YES_AGGRESSIVE;
				CLANG_CXX_LANGUAGE_STANDARD = "gnu++14";
				CLANG_CXX_LIBRARY = "libc++";
				CLANG_ENABLE_MODULES = YES;
				CLANG_ENABLE_OBJC_ARC = YES;
				CLANG_ENABLE_OBJC_WEAK = YES;
				CLANG_WARN_BLOCK_CAPTURE_AUTORELEASING = YES;
				CLANG_WARN_BOOL_CONVERSION = YES;
				CLANG_WARN_COMMA = YES;
				CLANG_WARN_CONSTANT_CONVERSION = YES;
				CLANG_WARN_DEPRECATED_OBJC_IMPLEMENTATIONS = YES;
				CLANG_WARN_DIRECT_OBJC_ISA_USAGE = YES_ERROR;
				CLANG_WARN_DOCUMENTATION_COMMENTS = YES;
				CLANG_WARN_EMPTY_BODY = YES;
				CLANG_WARN_ENUM_CONVERSION = YES;
				CLANG_WARN_INFINITE_RECURSION = YES;
				CLANG_WARN_INT_CONVERSION = YES;
				CLANG_WARN_NON_LITERAL_NULL_CONVERSION = YES;
				CLANG_WARN_OBJC_IMPLICIT_RETAIN_SELF = YES;
				CLANG_WARN_OBJC_LITERAL_CONVERSION = YES;
				CLANG_WARN_OBJC_ROOT_CLASS = YES_ERROR;
				CLANG_WARN_RANGE_LOOP_ANALYSIS = YES;
				CLANG_WARN_STRICT_PROTOTYPES = YES;
				CLANG_WARN_SUSPICIOUS_MOVE = YES;
				CLANG_WARN_UNGUARDED_AVAILABILITY = YES_AGGRESSIVE;
				CLANG_WARN_UNREACHABLE_CODE = YES;
				CLANG_WARN__DUPLICATE_METHOD_MATCH = YES;
				CODE_SIGN_IDENTITY = "iPhone Developer";
				COPY_PHASE_STRIP = NO;
				DEBUG_INFORMATION_FORMAT = dwarf;
				ENABLE_STRICT_OBJC_MSGSEND = YES;
				ENABLE_TESTABILITY = YES;
				GCC_C_LANGUAGE_STANDARD = gnu11;
				GCC_DYNAMIC_NO_PIC = NO;
				GCC_NO_COMMON_BLOCKS = YES;
				GCC_OPTIMIZATION_LEVEL = 0;
				GCC_PREPROCESSOR_DEFINITIONS = (
					"DEBUG=1",
					"$(inherited)",
				);
				GCC_WARN_64_TO_32_BIT_CONVERSION = YES;
				GCC_WARN_ABOUT_RETURN_TYPE = YES_ERROR;
				GCC_WARN_UNDECLARED_SELECTOR = YES;
				GCC_WARN_UNINITIALIZED_AUTOS = YES_AGGRESSIVE;
				GCC_WARN_UNUSED_FUNCTION = YES;
				GCC_WARN_UNUSED_VARIABLE = YES;
				IPHONEOS_DEPLOYMENT_TARGET = 10.0;
				MTL_ENABLE_DEBUG_INFO = INCLUDE_SOURCE;
				MTL_FAST_MATH = YES;
				ONLY_ACTIVE_ARCH = YES;
				SDKROOT = iphoneos;
				SWIFT_ACTIVE_COMPILATION_CONDITIONS = DEBUG;
				SWIFT_OPTIMIZATION_LEVEL = "-Onone";
				SWIFT_VERSION = 4.2;
			};
			name = Debug;
		};
		2B28DB37226AA6BA006ACA61 /* Release */ = {
			isa = XCBuildConfiguration;
			buildSettings = {
				ALWAYS_SEARCH_USER_PATHS = NO;
				CLANG_ANALYZER_NONNULL = YES;
				CLANG_ANALYZER_NUMBER_OBJECT_CONVERSION = YES_AGGRESSIVE;
				CLANG_CXX_LANGUAGE_STANDARD = "gnu++14";
				CLANG_CXX_LIBRARY = "libc++";
				CLANG_ENABLE_MODULES = YES;
				CLANG_ENABLE_OBJC_ARC = YES;
				CLANG_ENABLE_OBJC_WEAK = YES;
				CLANG_WARN_BLOCK_CAPTURE_AUTORELEASING = YES;
				CLANG_WARN_BOOL_CONVERSION = YES;
				CLANG_WARN_COMMA = YES;
				CLANG_WARN_CONSTANT_CONVERSION = YES;
				CLANG_WARN_DEPRECATED_OBJC_IMPLEMENTATIONS = YES;
				CLANG_WARN_DIRECT_OBJC_ISA_USAGE = YES_ERROR;
				CLANG_WARN_DOCUMENTATION_COMMENTS = YES;
				CLANG_WARN_EMPTY_BODY = YES;
				CLANG_WARN_ENUM_CONVERSION = YES;
				CLANG_WARN_INFINITE_RECURSION = YES;
				CLANG_WARN_INT_CONVERSION = YES;
				CLANG_WARN_NON_LITERAL_NULL_CONVERSION = YES;
				CLANG_WARN_OBJC_IMPLICIT_RETAIN_SELF = YES;
				CLANG_WARN_OBJC_LITERAL_CONVERSION = YES;
				CLANG_WARN_OBJC_ROOT_CLASS = YES_ERROR;
				CLANG_WARN_RANGE_LOOP_ANALYSIS = YES;
				CLANG_WARN_STRICT_PROTOTYPES = YES;
				CLANG_WARN_SUSPICIOUS_MOVE = YES;
				CLANG_WARN_UNGUARDED_AVAILABILITY = YES_AGGRESSIVE;
				CLANG_WARN_UNREACHABLE_CODE = YES;
				CLANG_WARN__DUPLICATE_METHOD_MATCH = YES;
				CODE_SIGN_IDENTITY = "iPhone Developer";
				COPY_PHASE_STRIP = NO;
				DEBUG_INFORMATION_FORMAT = "dwarf-with-dsym";
				ENABLE_NS_ASSERTIONS = NO;
				ENABLE_STRICT_OBJC_MSGSEND = YES;
				GCC_C_LANGUAGE_STANDARD = gnu11;
				GCC_NO_COMMON_BLOCKS = YES;
				GCC_WARN_64_TO_32_BIT_CONVERSION = YES;
				GCC_WARN_ABOUT_RETURN_TYPE = YES_ERROR;
				GCC_WARN_UNDECLARED_SELECTOR = YES;
				GCC_WARN_UNINITIALIZED_AUTOS = YES_AGGRESSIVE;
				GCC_WARN_UNUSED_FUNCTION = YES;
				GCC_WARN_UNUSED_VARIABLE = YES;
				IPHONEOS_DEPLOYMENT_TARGET = 10.0;
				MTL_ENABLE_DEBUG_INFO = NO;
				MTL_FAST_MATH = YES;
				SDKROOT = iphoneos;
				SWIFT_COMPILATION_MODE = wholemodule;
				SWIFT_OPTIMIZATION_LEVEL = "-O";
				SWIFT_VERSION = 4.2;
				VALIDATE_PRODUCT = YES;
			};
			name = Release;
		};
		2B28DB39226AA6BA006ACA61 /* Debug */ = {
			isa = XCBuildConfiguration;
			buildSettings = {
				ASSETCATALOG_COMPILER_APPICON_NAME = AppIcon;
				CODE_SIGN_STYLE = Automatic;
				INFOPLIST_FILE = MapListView/App/Info.plist;
				LD_RUNPATH_SEARCH_PATHS = (
					"$(inherited)",
					"@executable_path/Frameworks",
				);
				PRODUCT_BUNDLE_IDENTIFIER = com.wescarlan.MapListView;
				PRODUCT_NAME = "$(TARGET_NAME)";
				SWIFT_VERSION = 4.2;
				TARGETED_DEVICE_FAMILY = "1,2";
			};
			name = Debug;
		};
		2B28DB3A226AA6BA006ACA61 /* Release */ = {
			isa = XCBuildConfiguration;
			buildSettings = {
				ASSETCATALOG_COMPILER_APPICON_NAME = AppIcon;
				CODE_SIGN_STYLE = Automatic;
				INFOPLIST_FILE = MapListView/App/Info.plist;
				LD_RUNPATH_SEARCH_PATHS = (
					"$(inherited)",
					"@executable_path/Frameworks",
				);
				PRODUCT_BUNDLE_IDENTIFIER = com.wescarlan.MapListView;
				PRODUCT_NAME = "$(TARGET_NAME)";
				SWIFT_VERSION = 4.2;
				TARGETED_DEVICE_FAMILY = "1,2";
			};
			name = Release;
		};
		2B28DB3C226AA6BA006ACA61 /* Debug */ = {
			isa = XCBuildConfiguration;
			buildSettings = {
				ALWAYS_EMBED_SWIFT_STANDARD_LIBRARIES = YES;
				BUNDLE_LOADER = "$(TEST_HOST)";
				CODE_SIGN_STYLE = Automatic;
				INFOPLIST_FILE = MapListViewTests/Info.plist;
				LD_RUNPATH_SEARCH_PATHS = (
					"$(inherited)",
					"@executable_path/Frameworks",
					"@loader_path/Frameworks",
				);
				PRODUCT_BUNDLE_IDENTIFIER = com.wescarlan.MapListViewTests;
				PRODUCT_NAME = "$(TARGET_NAME)";
				SWIFT_VERSION = 5.0;
				TARGETED_DEVICE_FAMILY = "1,2";
				TEST_HOST = "$(BUILT_PRODUCTS_DIR)/MapListView.app/MapListView";
			};
			name = Debug;
		};
		2B28DB3D226AA6BA006ACA61 /* Release */ = {
			isa = XCBuildConfiguration;
			buildSettings = {
				ALWAYS_EMBED_SWIFT_STANDARD_LIBRARIES = YES;
				BUNDLE_LOADER = "$(TEST_HOST)";
				CODE_SIGN_STYLE = Automatic;
				INFOPLIST_FILE = MapListViewTests/Info.plist;
				LD_RUNPATH_SEARCH_PATHS = (
					"$(inherited)",
					"@executable_path/Frameworks",
					"@loader_path/Frameworks",
				);
				PRODUCT_BUNDLE_IDENTIFIER = com.wescarlan.MapListViewTests;
				PRODUCT_NAME = "$(TARGET_NAME)";
				SWIFT_VERSION = 5.0;
				TARGETED_DEVICE_FAMILY = "1,2";
				TEST_HOST = "$(BUILT_PRODUCTS_DIR)/MapListView.app/MapListView";
			};
			name = Release;
		};
/* End XCBuildConfiguration section */

/* Begin XCConfigurationList section */
		2B28DB16226AA6B8006ACA61 /* Build configuration list for PBXProject "MapListView" */ = {
			isa = XCConfigurationList;
			buildConfigurations = (
				2B28DB36226AA6BA006ACA61 /* Debug */,
				2B28DB37226AA6BA006ACA61 /* Release */,
			);
			defaultConfigurationIsVisible = 0;
			defaultConfigurationName = Release;
		};
		2B28DB38226AA6BA006ACA61 /* Build configuration list for PBXNativeTarget "MapListView" */ = {
			isa = XCConfigurationList;
			buildConfigurations = (
				2B28DB39226AA6BA006ACA61 /* Debug */,
				2B28DB3A226AA6BA006ACA61 /* Release */,
			);
			defaultConfigurationIsVisible = 0;
			defaultConfigurationName = Release;
		};
		2B28DB3B226AA6BA006ACA61 /* Build configuration list for PBXNativeTarget "MapListViewTests" */ = {
			isa = XCConfigurationList;
			buildConfigurations = (
				2B28DB3C226AA6BA006ACA61 /* Debug */,
				2B28DB3D226AA6BA006ACA61 /* Release */,
			);
			defaultConfigurationIsVisible = 0;
			defaultConfigurationName = Release;
		};
/* End XCConfigurationList section */
	};
	rootObject = 2B28DB13226AA6B8006ACA61 /* Project object */;
}
